
Microsoft Visual Studio Solution File, Format Version 12.00
# Visual Studio Version 16
VisualStudioVersion = 16.0.32106.194
MinimumVisualStudioVersion = 10.0.40219.1
Project("{FAE04EC0-301F-11D3-BF4B-00C04F79EFBC}") = "EkpaideftikoLogismiko", "LogismikoMain\EkpaideftikoLogismiko.csproj", "{296BFA45-85C7-428D-9148-D656B95457CF}"
EndProject
Global
	GlobalSection(SolutionConfigurationPlatforms) = preSolution
		Debug|Any CPU = Debug|Any CPU
		Release|Any CPU = Release|Any CPU
	EndGlobalSection
	GlobalSection(ProjectConfigurationPlatforms) = postSolution
		{296BFA45-85C7-428D-9148-D656B95457CF}.Debug|Any CPU.ActiveCfg = Debug|Any CPU
		{296BFA45-85C7-428D-9148-D656B95457CF}.Debug|Any CPU.Build.0 = Debug|Any CPU
		{296BFA45-85C7-428D-9148-D656B95457CF}.Release|Any CPU.ActiveCfg = Release|Any CPU
		{296BFA45-85C7-428D-9148-D656B95457CF}.Release|Any CPU.Build.0 = Release|Any CPU
	EndGlobalSection
	GlobalSection(SolutionProperties) = preSolution
		HideSolutionNode = FALSE
	EndGlobalSection
	GlobalSection(ExtensibilityGlobals) = postSolution
		SolutionGuid = {EA02D486-6622-4658-A09B-925DC30B4F24}
	EndGlobalSection
EndGlobal
